Microsoft Visual Studio Solution File, Format Version 12.00
# Visual Studio Version 17
VisualStudioVersion = 17.5.33530.505
MinimumVisualStudioVersion = 10.0.40219.1
Project("{2150E333-8FDC-42A3-9474-1A3956D46DE8}") = ".build", ".build", "{9B9261C5-BF7D-4876-8151-7353A70EA632}"
	ProjectSection(SolutionItems) = preProject
		.github\workflows\ci-build.yml = .github\workflows\ci-build.yml
	EndProjectSection
EndProject
Project("{2150E333-8FDC-42A3-9474-1A3956D46DE8}") = ".code", ".code", "{073DA081-D9E8-4019-9A0C-6A9B58D334F8}"
	ProjectSection(SolutionItems) = preProject
		.editorconfig = .editorconfig
		.gitignore = .gitignore
	EndProjectSection
EndProject
Project("{2150E333-8FDC-42A3-9474-1A3956D46DE8}") = ".docs", ".docs", "{BCAB3518-2E75-4C20-A6B7-01655B5544B5}"
	ProjectSection(SolutionItems) = preProject
		LICENSE = LICENSE
		README.md = README.md
	EndProjectSection
EndProject
Project("{2150E333-8FDC-42A3-9474-1A3956D46DE8}") = ".release", ".release", "{A2231B83-6EEE-4A89-8393-7061EE3550B8}"
EndProject
Project("{2150E333-8FDC-42A3-9474-1A3956D46DE8}") = "apps", "apps", "{AE9ECE9E-2084-4E33-8064-5C9A880CF226}"
EndProject
Project("{2150E333-8FDC-42A3-9474-1A3956D46DE8}") = "libs", "libs", "{F5821EE5-3F0A-4D69-B506-7DD68CC652DF}"
EndProject
Project("{2150E333-8FDC-42A3-9474-1A3956D46DE8}") = "tests", "tests", "{267121B5-D4AA-4A11-9BC2-B29E43D4A0C9}"
EndProject
Project("{9A19103F-16F7-4668-BE54-9A1E7A4F7556}") = "GUIDGenerator", "apps\GUIDGenerator\GUIDGenerator.csproj", "{0AF48C8D-6943-48B0-897E-6899FE25EC04}"
EndProject
Project("{FAE04EC0-301F-11D3-BF4B-00C04F79EFBC}") = "PauseN", "apps\PauseN\PauseN.csproj", "{B9857D06-7F57-4333-A321-36C31B5C29A6}"
EndProject
Project("{FAE04EC0-301F-11D3-BF4B-00C04F79EFBC}") = "BackgroundTimer", "apps\BackgroundTimer\BackgroundTimer.csproj", "{3E1BF7DE-F257-4261-9B20-11440E0F4418}"
EndProject
Project("{FAE04EC0-301F-11D3-BF4B-00C04F79EFBC}") = "ConsoleApplications.Common", "libs\ConsoleApplications.Common\ConsoleApplications.Common.csproj", "{C7FC4FA4-9944-4C31-9969-FFF0A2F38BCC}"
EndProject
Project("{FAE04EC0-301F-11D3-BF4B-00C04F79EFBC}") = "SpecialFolders", "apps\SpecialFolders\SpecialFolders.csproj", "{27B2693A-0CEC-FF9A-CDAB-A958CC5E452C}"
EndProject
Project("{FAE04EC0-301F-11D3-BF4B-00C04F79EFBC}") = "PrintFormat", "apps\PrintFormat\PrintFormat.csproj", "{7953FB3A-3D82-6B0F-AB7D-A4D0C6AB9F0B}"
EndProject
Project("{FAE04EC0-301F-11D3-BF4B-00C04F79EFBC}") = "GUIDGenerator.Tests", "tests\GUIDGenerator.Tests\GUIDGenerator.Tests.csproj", "{82F9E378-DBA7-4FE4-9D1C-667730C6E0EC}"
EndProject
Project("{FAE04EC0-301F-11D3-BF4B-00C04F79EFBC}") = "ConsoleApplications.Common.Tests", "tests\ConsoleApplications.Common.Tests\ConsoleApplications.Common.Tests.csproj", "{F360168D-D361-4525-92D8-C29B66FDC168}"
EndProject
Project("{FAE04EC0-301F-11D3-BF4B-00C04F79EFBC}") = "PrintFormat.Tests", "tests\PrintFormat.Tests\PrintFormat.Tests.csproj", "{94041E72-0E08-2226-365E-F2CA23FDA459}"
EndProject
Global
	GlobalSection(SolutionConfigurationPlatforms) = preSolution
		Debug|Any CPU = Debug|Any CPU
		Release|Any CPU = Release|Any CPU
	EndGlobalSection
	GlobalSection(ProjectConfigurationPlatforms) = postSolution
		{0AF48C8D-6943-48B0-897E-6899FE25EC04}.Debug|Any CPU.ActiveCfg = Debug|Any CPU
		{0AF48C8D-6943-48B0-897E-6899FE25EC04}.Debug|Any CPU.Build.0 = Debug|Any CPU
		{0AF48C8D-6943-48B0-897E-6899FE25EC04}.Release|Any CPU.ActiveCfg = Release|Any CPU
		{0AF48C8D-6943-48B0-897E-6899FE25EC04}.Release|Any CPU.Build.0 = Release|Any CPU
		{B9857D06-7F57-4333-A321-36C31B5C29A6}.Debug|Any CPU.ActiveCfg = Debug|Any CPU
		{B9857D06-7F57-4333-A321-36C31B5C29A6}.Debug|Any CPU.Build.0 = Debug|Any CPU
		{B9857D06-7F57-4333-A321-36C31B5C29A6}.Release|Any CPU.ActiveCfg = Release|Any CPU
		{B9857D06-7F57-4333-A321-36C31B5C29A6}.Release|Any CPU.Build.0 = Release|Any CPU
		{3E1BF7DE-F257-4261-9B20-11440E0F4418}.Debug|Any CPU.ActiveCfg = Debug|Any CPU
		{3E1BF7DE-F257-4261-9B20-11440E0F4418}.Debug|Any CPU.Build.0 = Debug|Any CPU
		{3E1BF7DE-F257-4261-9B20-11440E0F4418}.Release|Any CPU.ActiveCfg = Release|Any CPU
		{3E1BF7DE-F257-4261-9B20-11440E0F4418}.Release|Any CPU.Build.0 = Release|Any CPU
		{C7FC4FA4-9944-4C31-9969-FFF0A2F38BCC}.Debug|Any CPU.ActiveCfg = Debug|Any CPU
		{C7FC4FA4-9944-4C31-9969-FFF0A2F38BCC}.Debug|Any CPU.Build.0 = Debug|Any CPU
		{C7FC4FA4-9944-4C31-9969-FFF0A2F38BCC}.Release|Any CPU.ActiveCfg = Release|Any CPU
		{C7FC4FA4-9944-4C31-9969-FFF0A2F38BCC}.Release|Any CPU.Build.0 = Release|Any CPU
		{27B2693A-0CEC-FF9A-CDAB-A958CC5E452C}.Debug|Any CPU.ActiveCfg = Debug|Any CPU
		{27B2693A-0CEC-FF9A-CDAB-A958CC5E452C}.Debug|Any CPU.Build.0 = Debug|Any CPU
		{27B2693A-0CEC-FF9A-CDAB-A958CC5E452C}.Release|Any CPU.ActiveCfg = Release|Any CPU
		{27B2693A-0CEC-FF9A-CDAB-A958CC5E452C}.Release|Any CPU.Build.0 = Release|Any CPU
		{7953FB3A-3D82-6B0F-AB7D-A4D0C6AB9F0B}.Debug|Any CPU.ActiveCfg = Debug|Any CPU
		{7953FB3A-3D82-6B0F-AB7D-A4D0C6AB9F0B}.Debug|Any CPU.Build.0 = Debug|Any CPU
		{7953FB3A-3D82-6B0F-AB7D-A4D0C6AB9F0B}.Release|Any CPU.ActiveCfg = Release|Any CPU
		{7953FB3A-3D82-6B0F-AB7D-A4D0C6AB9F0B}.Release|Any CPU.Build.0 = Release|Any CPU
		{82F9E378-DBA7-4FE4-9D1C-667730C6E0EC}.Debug|Any CPU.ActiveCfg = Debug|Any CPU
		{82F9E378-DBA7-4FE4-9D1C-667730C6E0EC}.Debug|Any CPU.Build.0 = Debug|Any CPU
		{82F9E378-DBA7-4FE4-9D1C-667730C6E0EC}.Release|Any CPU.ActiveCfg = Release|Any CPU
		{82F9E378-DBA7-4FE4-9D1C-667730C6E0EC}.Release|Any CPU.Build.0 = Release|Any CPU
		{F360168D-D361-4525-92D8-C29B66FDC168}.Debug|Any CPU.ActiveCfg = Debug|Any CPU
		{F360168D-D361-4525-92D8-C29B66FDC168}.Debug|Any CPU.Build.0 = Debug|Any CPU
		{F360168D-D361-4525-92D8-C29B66FDC168}.Release|Any CPU.ActiveCfg = Release|Any CPU
		{F360168D-D361-4525-92D8-C29B66FDC168}.Release|Any CPU.Build.0 = Release|Any CPU
		{94041E72-0E08-2226-365E-F2CA23FDA459}.Debug|Any CPU.ActiveCfg = Debug|Any CPU
		{94041E72-0E08-2226-365E-F2CA23FDA459}.Debug|Any CPU.Build.0 = Debug|Any CPU
		{94041E72-0E08-2226-365E-F2CA23FDA459}.Release|Any CPU.ActiveCfg = Release|Any CPU
		{94041E72-0E08-2226-365E-F2CA23FDA459}.Release|Any CPU.Build.0 = Release|Any CPU
	EndGlobalSection
	GlobalSection(SolutionProperties) = preSolution
		HideSolutionNode = FALSE
	EndGlobalSection
	GlobalSection(NestedProjects) = preSolution
		{0AF48C8D-6943-48B0-897E-6899FE25EC04} = {AE9ECE9E-2084-4E33-8064-5C9A880CF226}
		{B9857D06-7F57-4333-A321-36C31B5C29A6} = {AE9ECE9E-2084-4E33-8064-5C9A880CF226}
		{3E1BF7DE-F257-4261-9B20-11440E0F4418} = {AE9ECE9E-2084-4E33-8064-5C9A880CF226}
		{C7FC4FA4-9944-4C31-9969-FFF0A2F38BCC} = {F5821EE5-3F0A-4D69-B506-7DD68CC652DF}
		{27B2693A-0CEC-FF9A-CDAB-A958CC5E452C} = {AE9ECE9E-2084-4E33-8064-5C9A880CF226}
		{7953FB3A-3D82-6B0F-AB7D-A4D0C6AB9F0B} = {AE9ECE9E-2084-4E33-8064-5C9A880CF226}
		{82F9E378-DBA7-4FE4-9D1C-667730C6E0EC} = {267121B5-D4AA-4A11-9BC2-B29E43D4A0C9}
		{F360168D-D361-4525-92D8-C29B66FDC168} = {267121B5-D4AA-4A11-9BC2-B29E43D4A0C9}
		{94041E72-0E08-2226-365E-F2CA23FDA459} = {267121B5-D4AA-4A11-9BC2-B29E43D4A0C9}
	EndGlobalSection
	GlobalSection(ExtensibilityGlobals) = postSolution
		SolutionGuid = {C85506CE-422F-4F69-AB29-BA611E771379}
	EndGlobalSection
EndGlobal
